{
  "name": "msmodern",
  "version": "1.0.0",
  "lockfileVersion": 1,
  "requires": true,
  "dependencies": {
    "@serialport/binding-abstract": {
      "version": "2.0.4",
      "resolved": "https://registry.yarnpkg.com/@serialport/binding-abstract/-/binding-abstract-2.0.4.tgz",
      "integrity": "sha1-SeHUVfZRXK6QB75oahd+XFTFSPs=",
      "requires": {
        "debug": "4.1.1"
      }
    },
    "@serialport/binding-mock": {
      "version": "2.0.4",
      "resolved": "https://registry.yarnpkg.com/@serialport/binding-mock/-/binding-mock-2.0.4.tgz",
      "integrity": "sha1-qE8wusOIlWFU4HPknHiaLJ1G7Zw=",
      "requires": {
        "@serialport/binding-abstract": "2.0.4",
        "debug": "4.1.1"
      }
    },
    "@serialport/bindings": {
      "version": "2.0.7",
      "resolved": "https://registry.yarnpkg.com/@serialport/bindings/-/bindings-2.0.7.tgz",
      "integrity": "sha1-377EgRPjI3WaZCGFoMU3uYimlrg=",
      "requires": {
        "@serialport/binding-abstract": "2.0.4",
        "@serialport/parser-readline": "2.0.2",
        "bindings": "1.4.0",
        "debug": "4.1.1",
        "nan": "2.12.1",
        "prebuild-install": "5.2.4"
      }
    },
    "@serialport/parser-byte-length": {
      "version": "2.0.2",
      "resolved": "https://registry.yarnpkg.com/@serialport/parser-byte-length/-/parser-byte-length-2.0.2.tgz",
      "integrity": "sha1-iGGRMrWqpqOYKKvmrE+SHN1fawE="
    },
    "@serialport/parser-cctalk": {
      "version": "2.0.2",
      "resolved": "https://registry.yarnpkg.com/@serialport/parser-cctalk/-/parser-cctalk-2.0.2.tgz",
      "integrity": "sha1-eicT9BXGKGw9eM3atHV80LOe8CY="
    },
    "@serialport/parser-delimiter": {
      "version": "2.0.2",
      "resolved": "https://registry.yarnpkg.com/@serialport/parser-delimiter/-/parser-delimiter-2.0.2.tgz",
      "integrity": "sha1-J2WzfIInwi4eSPUfjITN6yxlCYg="
    },
    "@serialport/parser-inter-byte-timeout": {
      "version": "1.1.0",
      "resolved": "https://registry.yarnpkg.com/@serialport/parser-inter-byte-timeout/-/parser-inter-byte-timeout-1.1.0.tgz",
      "integrity": "sha1-L0KCsG7ykjBSe8GEtD0HcrPESIQ="
    },
    "@serialport/parser-readline": {
      "version": "2.0.2",
      "resolved": "https://registry.yarnpkg.com/@serialport/parser-readline/-/parser-readline-2.0.2.tgz",
      "integrity": "sha1-hQiCqKvW31CsU4MBrlPjdP1RAnc=",
      "requires": {
        "@serialport/parser-delimiter": "2.0.2"
      }
    },
    "@serialport/parser-ready": {
      "version": "2.0.2",
      "resolved": "https://registry.yarnpkg.com/@serialport/parser-ready/-/parser-ready-2.0.2.tgz",
      "integrity": "sha1-3l5KYTr8e6bRFTPBEfdW5R9ugIA="
    },
    "@serialport/parser-regex": {
      "version": "2.0.2",
      "resolved": "https://registry.yarnpkg.com/@serialport/parser-regex/-/parser-regex-2.0.2.tgz",
      "integrity": "sha1-/eE8o4dw6lOnfo8MU7LEayzvgFo="
    },
    "@serialport/stream": {
      "version": "2.0.4",
      "resolved": "https://registry.yarnpkg.com/@serialport/stream/-/stream-2.0.4.tgz",
      "integrity": "sha1-m8nPmyqLvDUhuPjrdK+jyX+wnU8=",
      "requires": {
        "@serialport/binding-mock": "2.0.4",
        "debug": "4.1.1"
      }
    },
    "@types/crc": {
      "version": "3.4.0",
      "resolved": "https://registry.yarnpkg.com/@types/crc/-/crc-3.4.0.tgz",
      "integrity": "sha1-I2a+tDmc1zSzPkLHrICVduYX1Io=",
      "requires": {
        "@types/node": "11.9.4"
      }
    },
    "@types/events": {
      "version": "3.0.0",
      "resolved": "https://registry.yarnpkg.com/@types/events/-/events-3.0.0.tgz",
      "integrity": "sha1-KGLz9Yqaf3w+eNefEw3U1xwlwqc="
    },
    "@types/ini": {
      "version": "1.3.30",
      "resolved": "https://registry.yarnpkg.com/@types/ini/-/ini-1.3.30.tgz",
      "integrity": "sha1-0UhUWcn62E6TdBS4MqKttknqs3k="
    },
    "@types/invariant": {
      "version": "2.2.29",
      "resolved": "https://registry.yarnpkg.com/@types/invariant/-/invariant-2.2.29.tgz",
      "integrity": "sha1-qoRSBM0KKJ9l1H4N5jpqgV4wzGY="
    },
    "@types/node": {
      "version": "11.9.4",
      "resolved": "https://registry.yarnpkg.com/@types/node/-/node-11.9.4.tgz",
      "integrity": "sha1-zrAEilRttFP2JI8tHZXpN6bwChQ="
    },
    "@types/serialport": {
      "version": "7.0.1",
      "resolved": "https://registry.yarnpkg.com/@types/serialport/-/serialport-7.0.1.tgz",
      "integrity": "sha1-Zr6Vv+TrLCfDTmBItkRpC80C3Jo=",
      "requires": {
        "@types/node": "11.9.4"
      }
    },
    "@types/ws": {
      "version": "6.0.1",
      "resolved": "https://registry.yarnpkg.com/@types/ws/-/ws-6.0.1.tgz",
      "integrity": "sha1-yno/N1aqEvYqCmIUXtFMbbJdWig=",
      "requires": {
        "@types/events": "3.0.0",
        "@types/node": "11.9.4"
      }
    },
    "ansi-regex": {
      "version": "2.1.1",
      "resolved": "https://registry.yarnpkg.com/ansi-regex/-/ansi-regex-2.1.1.tgz",
      "integrity": "sha1-w7M6te42DYbg5ijwRorn7yfWVN8="
    },
    "aproba": {
      "version": "1.2.0",
      "resolved": "https://registry.yarnpkg.com/aproba/-/aproba-1.2.0.tgz",
      "integrity": "sha1-aALmJk79GMeQobDVF/DyYnvyyUo="
    },
    "are-we-there-yet": {
      "version": "1.1.5",
      "resolved": "https://registry.yarnpkg.com/are-we-there-yet/-/are-we-there-yet-1.1.5.tgz",
      "integrity": "sha1-SzXClE8GKov82mZBB2A1D+nd/CE=",
      "requires": {
        "delegates": "1.0.0",
        "readable-stream": "2.3.6"
      }
    },
    "base64-js": {
      "version": "1.3.0",
      "resolved": "https://registry.yarnpkg.com/base64-js/-/base64-js-1.3.0.tgz",
      "integrity": "sha1-yrHmEY8FEJXli1KBrqjBzSK/wOM="
    },
    "bindings": {
      "version": "1.4.0",
      "resolved": "https://registry.yarnpkg.com/bindings/-/bindings-1.4.0.tgz",
      "integrity": "sha1-kJ76SfLr4H7NPLE2d49mUFIEASc=",
      "requires": {
        "file-uri-to-path": "1.0.0"
      }
    },
    "bl": {
      "version": "1.2.2",
      "resolved": "https://registry.yarnpkg.com/bl/-/bl-1.2.2.tgz",
      "integrity": "sha1-oWCRFxcQPAdBDO9j71Gzl8Alr5w=",
      "requires": {
        "readable-stream": "2.3.6",
        "safe-buffer": "5.1.2"
      }
    },
    "buffer": {
      "version": "5.2.1",
      "resolved": "https://registry.yarnpkg.com/buffer/-/buffer-5.2.1.tgz",
      "integrity": "sha1-3Vf6DxCaxZxgJHkETcp7iz0LcdY=",
      "requires": {
        "base64-js": "1.3.0",
        "ieee754": "1.1.12"
      }
    },
    "buffer-alloc": {
      "version": "1.2.0",
      "resolved": "https://registry.yarnpkg.com/buffer-alloc/-/buffer-alloc-1.2.0.tgz",
      "integrity": "sha1-iQ3ZDZI6hz4I4Q5f1RpX5bfM4Ow=",
      "requires": {
        "buffer-alloc-unsafe": "1.1.0",
        "buffer-fill": "1.0.0"
      }
    },
    "buffer-alloc-unsafe": {
      "version": "1.1.0",
      "resolved": "https://registry.yarnpkg.com/buffer-alloc-unsafe/-/buffer-alloc-unsafe-1.1.0.tgz",
      "integrity": "sha1-vX3CauKXLQ7aJTvgYdupkjScGfA="
    },
    "buffer-fill": {
      "version": "1.0.0",
      "resolved": "https://registry.yarnpkg.com/buffer-fill/-/buffer-fill-1.0.0.tgz",
      "integrity": "sha1-+PeLdniYiO858gXNY39o5wISKyw="
    },
    "chownr": {
      "version": "1.1.1",
      "resolved": "https://registry.yarnpkg.com/chownr/-/chownr-1.1.1.tgz",
      "integrity": "sha1-VHJri4//TfBTxCGH6AH7RBLfFJQ="
    },
    "code-point-at": {
      "version": "1.1.0",
      "resolved": "https://registry.yarnpkg.com/code-point-at/-/code-point-at-1.1.0.tgz",
      "integrity": "sha1-DQcLTQQ6W+ozovGkDi7bPZpMz3c="
    },
    "commander": {
      "version": "2.19.0",
      "resolved": "https://registry.yarnpkg.com/commander/-/commander-2.19.0.tgz",
      "integrity": "sha1-9hmKqE5bg8RgVLlN3tv+1e6f8So="
    },
    "console-control-strings": {
      "version": "1.1.0",
      "resolved": "https://registry.yarnpkg.com/console-control-strings/-/console-control-strings-1.1.0.tgz",
      "integrity": "sha1-PXz0Rk22RG6mRL9LOVB/mFEAjo4="
    },
    "core-util-is": {
      "version": "1.0.2",
      "resolved": "https://registry.yarnpkg.com/core-util-is/-/core-util-is-1.0.2.tgz",
      "integrity": "sha1-tf1UIgqivFq1eqtxQMlAdUUDwac="
    },
    "crc": {
      "version": "3.8.0",
      "resolved": "https://registry.yarnpkg.com/crc/-/crc-3.8.0.tgz",
      "integrity": "sha1-rWAmnCyFb4wpnixMwN5FVpFAVsY=",
      "requires": {
        "buffer": "5.2.1"
      }
    },
    "dateformat": {
      "version": "3.0.3",
      "resolved": "https://registry.yarnpkg.com/dateformat/-/dateformat-3.0.3.tgz",
      "integrity": "sha1-puN0maTZqc+F71hyBE1ikByYia4="
    },
    "debug": {
      "version": "4.1.1",
      "resolved": "https://registry.yarnpkg.com/debug/-/debug-4.1.1.tgz",
      "integrity": "sha1-O3ImAlUQnGtYnO4FDx1RYTlmR5E=",
      "requires": {
        "ms": "2.1.1"
      }
    },
    "decompress-response": {
      "version": "3.3.0",
      "resolved": "https://registry.yarnpkg.com/decompress-response/-/decompress-response-3.3.0.tgz",
      "integrity": "sha1-gKTdMjdIOEv6JICDYirt7Jgq3/M=",
      "requires": {
        "mimic-response": "1.0.1"
      }
    },
    "deep-extend": {
      "version": "0.6.0",
      "resolved": "https://registry.yarnpkg.com/deep-extend/-/deep-extend-0.6.0.tgz",
      "integrity": "sha1-xPp8lUBKF6nD6Mp+FTcxK3NjMKw="
    },
    "delegates": {
      "version": "1.0.0",
      "resolved": "https://registry.yarnpkg.com/delegates/-/delegates-1.0.0.tgz",
      "integrity": "sha1-hMbhWbgZBP3KWaDvRM2HDTElD5o="
    },
    "detect-libc": {
      "version": "1.0.3",
      "resolved": "https://registry.yarnpkg.com/detect-libc/-/detect-libc-1.0.3.tgz",
      "integrity": "sha1-+hN8S9aY7fVc1c0CrFWfkaTEups="
    },
    "end-of-stream": {
      "version": "1.4.1",
      "resolved": "https://registry.yarnpkg.com/end-of-stream/-/end-of-stream-1.4.1.tgz",
      "integrity": "sha1-7SljTRm6ukY7bOa4CjchPqtx7EM=",
      "requires": {
        "once": "1.4.0"
      }
    },
    "expand-template": {
      "version": "2.0.3",
      "resolved": "https://registry.yarnpkg.com/expand-template/-/expand-template-2.0.3.tgz",
      "integrity": "sha1-bhSz/O4POmNA7LV9LokYaSBSpHw="
    },
    "file-uri-to-path": {
      "version": "1.0.0",
      "resolved": "https://registry.yarnpkg.com/file-uri-to-path/-/file-uri-to-path-1.0.0.tgz",
      "integrity": "sha1-VTp7hEb/b2hDWcRF8eN6BdrMM90="
    },
    "fs-constants": {
      "version": "1.0.0",
      "resolved": "https://registry.yarnpkg.com/fs-constants/-/fs-constants-1.0.0.tgz",
      "integrity": "sha1-a+Dem+mYzhavivwkSXue6bfM2a0="
    },
    "gauge": {
      "version": "2.7.4",
      "resolved": "https://registry.yarnpkg.com/gauge/-/gauge-2.7.4.tgz",
      "integrity": "sha1-LANAXHU4w51+s3sxcCLjJfsBi/c=",
      "requires": {
        "aproba": "1.2.0",
        "console-control-strings": "1.1.0",
        "has-unicode": "2.0.1",
        "object-assign": "4.1.1",
        "signal-exit": "3.0.2",
        "string-width": "1.0.2",
        "strip-ansi": "3.0.1",
        "wide-align": "1.1.3"
      }
    },
    "github-from-package": {
      "version": "0.0.0",
      "resolved": "https://registry.yarnpkg.com/github-from-package/-/github-from-package-0.0.0.tgz",
      "integrity": "sha1-l/tdlr/eiXMxPyDoKI75oWf6ZM4="
    },
    "has-unicode": {
      "version": "2.0.1",
      "resolved": "https://registry.yarnpkg.com/has-unicode/-/has-unicode-2.0.1.tgz",
      "integrity": "sha1-4Ob+aijPUROIVeCG0Wkedx3iqLk="
    },
    "ieee754": {
      "version": "1.1.12",
      "resolved": "https://registry.yarnpkg.com/ieee754/-/ieee754-1.1.12.tgz",
      "integrity": "sha1-UL8k5bnIu5ivSWTJQc2wkY2ntgs="
    },
    "inherits": {
      "version": "2.0.3",
      "resolved": "https://registry.yarnpkg.com/inherits/-/inherits-2.0.3.tgz",
      "integrity": "sha1-Yzwsg+PaQqUC9SRmAiSA9CCCYd4="
    },
    "ini": {
      "version": "1.3.5",
      "resolved": "https://registry.yarnpkg.com/ini/-/ini-1.3.5.tgz",
      "integrity": "sha1-7uJfVtscnsYIXgwid4CD9Zar+Sc="
    },
    "invariant": {
      "version": "2.2.4",
      "resolved": "https://registry.yarnpkg.com/invariant/-/invariant-2.2.4.tgz",
      "integrity": "sha1-YQ88ksk1nOHbYW5TgAjSP/NRWOY=",
      "requires": {
        "loose-envify": "1.4.0"
      }
    },
    "is-fullwidth-code-point": {
      "version": "1.0.0",
      "resolved": "https://registry.yarnpkg.com/is-fullwidth-code-point/-/is-fullwidth-code-point-1.0.0.tgz",
      "integrity": "sha1-754xOG8DGn8NZDr4L95QxFfvAMs=",
      "requires": {
        "number-is-nan": "1.0.1"
      }
    },
    "isarray": {
      "version": "1.0.0",
      "resolved": "https://registry.yarnpkg.com/isarray/-/isarray-1.0.0.tgz",
      "integrity": "sha1-u5NdSFgsuhaMBoNJV6VKPgcSTxE="
    },
    "js-tokens": {
      "version": "4.0.0",
      "resolved": "https://registry.yarnpkg.com/js-tokens/-/js-tokens-4.0.0.tgz",
      "integrity": "sha1-GSA/tZmR35jjoocFDUZHzerzJJk="
    },
    "loose-envify": {
      "version": "1.4.0",
      "resolved": "https://registry.yarnpkg.com/loose-envify/-/loose-envify-1.4.0.tgz",
      "integrity": "sha1-ce5R+nvkyuwaY4OffmgtgTLTDK8=",
      "requires": {
        "js-tokens": "4.0.0"
      }
    },
    "mimic-response": {
      "version": "1.0.1",
      "resolved": "https://registry.yarnpkg.com/mimic-response/-/mimic-response-1.0.1.tgz",
      "integrity": "sha1-SSNTiHju9CBjy4o+OweYeBSHqxs="
    },
    "minimist": {
      "version": "1.2.0",
      "resolved": "https://registry.yarnpkg.com/minimist/-/minimist-1.2.0.tgz",
      "integrity": "sha1-o1AIsg9BOD7sH7kU9M1d95omQoQ="
    },
    "mkdirp": {
      "version": "0.5.1",
      "resolved": "https://registry.yarnpkg.com/mkdirp/-/mkdirp-0.5.1.tgz",
      "integrity": "sha1-MAV0OOrGz3+MR2fzhkjWaX11yQM=",
      "requires": {
        "minimist": "0.0.8"
      },
      "dependencies": {
        "minimist": {
          "version": "0.0.8",
          "resolved": "https://registry.yarnpkg.com/minimist/-/minimist-0.0.8.tgz",
          "integrity": "sha1-hX/Kv8M5fSYluCKCYuhqp6ARsF0="
        }
      }
    },
    "ms": {
      "version": "2.1.1",
      "resolved": "https://registry.yarnpkg.com/ms/-/ms-2.1.1.tgz",
      "integrity": "sha1-MKWGTrPrsKZvLr5tcnrwagnYbgo="
    },
    "nan": {
      "version": "2.12.1",
      "resolved": "https://registry.yarnpkg.com/nan/-/nan-2.12.1.tgz",
      "integrity": "sha1-exqhk+mqhgV+PHu9CsRI53CSVVI="
    },
    "napi-build-utils": {
      "version": "1.0.1",
      "resolved": "https://registry.yarnpkg.com/napi-build-utils/-/napi-build-utils-1.0.1.tgz",
      "integrity": "sha1-E4Gg+Sw51mvxmFLnhzQy/CEj5Qg="
    },
    "node-abi": {
      "version": "2.7.1",
      "resolved": "https://registry.yarnpkg.com/node-abi/-/node-abi-2.7.1.tgz",
      "integrity": "sha1-qJl66RF2pfuqRVsZSXbjJoPNpkM=",
      "requires": {
        "semver": "5.6.0"
      }
    },
    "noop-logger": {
      "version": "0.1.1",
      "resolved": "https://registry.yarnpkg.com/noop-logger/-/noop-logger-0.1.1.tgz",
      "integrity": "sha1-lKKxYzxPExdVMAfYlm/Q6EG2pMI="
    },
    "npmlog": {
      "version": "4.1.2",
      "resolved": "https://registry.yarnpkg.com/npmlog/-/npmlog-4.1.2.tgz",
      "integrity": "sha1-CKfyqL9zRgR3mp76StXMcXq7lUs=",
      "requires": {
        "are-we-there-yet": "1.1.5",
        "console-control-strings": "1.1.0",
        "gauge": "2.7.4",
        "set-blocking": "2.0.0"
      }
    },
    "number-is-nan": {
      "version": "1.0.1",
      "resolved": "https://registry.yarnpkg.com/number-is-nan/-/number-is-nan-1.0.1.tgz",
      "integrity": "sha1-CXtgK1NCKlIsGvuHkDGDNpQaAR0="
    },
    "object-assign": {
      "version": "4.1.1",
      "resolved": "https://registry.yarnpkg.com/object-assign/-/object-assign-4.1.1.tgz",
      "integrity": "sha1-IQmtx5ZYh8/AXLvUQsrIv7s2CGM="
    },
    "once": {
      "version": "1.4.0",
      "resolved": "https://registry.yarnpkg.com/once/-/once-1.4.0.tgz",
      "integrity": "sha1-WDsap3WWHUsROsF9nFC6753Xa9E=",
      "requires": {
        "wrappy": "1.0.2"
      }
    },
    "os-homedir": {
      "version": "1.0.2",
      "resolved": "https://registry.yarnpkg.com/os-homedir/-/os-homedir-1.0.2.tgz",
      "integrity": "sha1-/7xJiDNuDoM94MFox+8VISGqf7M="
    },
    "prebuild-install": {
      "version": "5.2.4",
      "resolved": "https://registry.yarnpkg.com/prebuild-install/-/prebuild-install-5.2.4.tgz",
      "integrity": "sha1-jMQaIX73eKMdOodv5maNBUBtt1A=",
      "requires": {
        "detect-libc": "1.0.3",
        "expand-template": "2.0.3",
        "github-from-package": "0.0.0",
        "minimist": "1.2.0",
        "mkdirp": "0.5.1",
        "napi-build-utils": "1.0.1",
        "node-abi": "2.7.1",
        "noop-logger": "0.1.1",
        "npmlog": "4.1.2",
        "os-homedir": "1.0.2",
        "pump": "2.0.1",
        "rc": "1.2.8",
        "simple-get": "2.8.1",
        "tar-fs": "1.16.3",
        "tunnel-agent": "0.6.0",
        "which-pm-runs": "1.0.0"
      }
    },
    "process-nextick-args": {
      "version": "2.0.0",
      "resolved": "https://registry.yarnpkg.com/process-nextick-args/-/process-nextick-args-2.0.0.tgz",
      "integrity": "sha1-o31zL0JxtKsa0HDTVQjoKQeI/6o="
    },
    "pump": {
      "version": "2.0.1",
      "resolved": "https://registry.yarnpkg.com/pump/-/pump-2.0.1.tgz",
      "integrity": "sha1-Ejma3W5M91Jtlzy8i1zi4pCLOQk=",
      "requires": {
        "end-of-stream": "1.4.1",
        "once": "1.4.0"
      }
    },
    "rc": {
      "version": "1.2.8",
      "resolved": "https://registry.yarnpkg.com/rc/-/rc-1.2.8.tgz",
      "integrity": "sha1-zZJL9SAKB1uDwYjNa54hG3/A0+0=",
      "requires": {
        "deep-extend": "0.6.0",
        "ini": "1.3.5",
        "minimist": "1.2.0",
        "strip-json-comments": "2.0.1"
      }
    },
    "readable-stream": {
      "version": "2.3.6",
      "resolved": "https://registry.yarnpkg.com/readable-stream/-/readable-stream-2.3.6.tgz",
      "integrity": "sha1-sRwn2IuP8fvgcGQ8+UsMea4bCq8=",
      "requires": {
        "core-util-is": "1.0.2",
        "inherits": "2.0.3",
        "isarray": "1.0.0",
        "process-nextick-args": "2.0.0",
        "safe-buffer": "5.1.2",
        "string_decoder": "1.1.1",
        "util-deprecate": "1.0.2"
      }
    },
    "safe-buffer": {
      "version": "5.1.2",
      "resolved": "https://registry.yarnpkg.com/safe-buffer/-/safe-buffer-5.1.2.tgz",
      "integrity": "sha1-mR7GnSluAxN0fVm9/St0XDX4go0="
    },
    "semver": {
      "version": "5.6.0",
      "resolved": "https://registry.yarnpkg.com/semver/-/semver-5.6.0.tgz",
      "integrity": "sha1-fnQlb7qknHWqfHogXMInmcrIAAQ="
    },
    "serialport": {
      "version": "7.1.4",
      "resolved": "https://registry.yarnpkg.com/serialport/-/serialport-7.1.4.tgz",
      "integrity": "sha1-taxM9b4bS4i0SVqvwPk3HlMtlTc=",
      "requires": {
        "@serialport/binding-mock": "2.0.4",
        "@serialport/bindings": "2.0.7",
        "@serialport/parser-byte-length": "2.0.2",
        "@serialport/parser-cctalk": "2.0.2",
        "@serialport/parser-delimiter": "2.0.2",
        "@serialport/parser-readline": "2.0.2",
        "@serialport/parser-ready": "2.0.2",
        "@serialport/parser-regex": "2.0.2",
        "@serialport/stream": "2.0.4",
        "debug": "4.1.1"
      }
    },
    "set-blocking": {
      "version": "2.0.0",
      "resolved": "https://registry.yarnpkg.com/set-blocking/-/set-blocking-2.0.0.tgz",
      "integrity": "sha1-BF+XgtARrppoA93TgrJDkrPYkPc="
    },
    "signal-exit": {
      "version": "3.0.2",
      "resolved": "https://registry.yarnpkg.com/signal-exit/-/signal-exit-3.0.2.tgz",
      "integrity": "sha1-tf3AjxKH6hF4Yo5BXiUTK3NkbG0="
    },
    "simple-concat": {
      "version": "1.0.0",
      "resolved": "https://registry.yarnpkg.com/simple-concat/-/simple-concat-1.0.0.tgz",
      "integrity": "sha1-c0TLuLbib7J9ZrL8hvn21Zl1IcY="
    },
    "simple-get": {
      "version": "2.8.1",
      "resolved": "https://registry.yarnpkg.com/simple-get/-/simple-get-2.8.1.tgz",
      "integrity": "sha1-DiLpHUV12HYgYgvJEwjVenf0S10=",
      "requires": {
        "decompress-response": "3.3.0",
        "once": "1.4.0",
        "simple-concat": "1.0.0"
      }
    },
    "string-width": {
      "version": "1.0.2",
      "resolved": "https://registry.yarnpkg.com/string-width/-/string-width-1.0.2.tgz",
      "integrity": "sha1-EYvfW4zcUaKn5w0hHgfisLmxB9M=",
      "requires": {
        "code-point-at": "1.1.0",
        "is-fullwidth-code-point": "1.0.0",
        "strip-ansi": "3.0.1"
      }
    },
    "string_decoder": {
      "version": "1.1.1",
      "resolved": "https://registry.yarnpkg.com/string_decoder/-/string_decoder-1.1.1.tgz",
      "integrity": "sha1-nPFhG6YmhdcDCunkujQUnDrwP8g=",
      "requires": {
        "safe-buffer": "5.1.2"
      }
    },
    "strip-ansi": {
      "version": "3.0.1",
      "resolved": "https://registry.yarnpkg.com/strip-ansi/-/strip-ansi-3.0.1.tgz",
      "integrity": "sha1-ajhfuIU9lS1f8F0Oiq+UJ43GPc8=",
      "requires": {
        "ansi-regex": "2.1.1"
      }
    },
    "strip-json-comments": {
      "version": "2.0.1",
      "resolved": "https://registry.yarnpkg.com/strip-json-comments/-/strip-json-comments-2.0.1.tgz",
      "integrity": "sha1-PFMZQukIwml8DsNEhYwobHygpgo="
    },
    "tar-fs": {
      "version": "1.16.3",
      "resolved": "https://registry.yarnpkg.com/tar-fs/-/tar-fs-1.16.3.tgz",
      "integrity": "sha1-lmpiiEHaLEAQQGqCFny9Xgxy1Qk=",
      "requires": {
        "chownr": "1.1.1",
        "mkdirp": "0.5.1",
        "pump": "1.0.3",
        "tar-stream": "1.6.2"
      },
      "dependencies": {
        "pump": {
          "version": "1.0.3",
          "resolved": "https://registry.yarnpkg.com/pump/-/pump-1.0.3.tgz",
          "integrity": "sha1-Xf6DEcM7v2/BgmH580cCxHwIqVQ=",
          "requires": {
            "end-of-stream": "1.4.1",
            "once": "1.4.0"
          }
        }
      }
    },
    "tar-stream": {
      "version": "1.6.2",
      "resolved": "https://registry.yarnpkg.com/tar-stream/-/tar-stream-1.6.2.tgz",
      "integrity": "sha1-jqVdqzeXIlPZqa+Q/c1VmuQ1xVU=",
      "requires": {
        "bl": "1.2.2",
        "buffer-alloc": "1.2.0",
        "end-of-stream": "1.4.1",
        "fs-constants": "1.0.0",
        "readable-stream": "2.3.6",
        "to-buffer": "1.1.1",
        "xtend": "4.0.1"
      }
    },
    "to-buffer": {
      "version": "1.1.1",
      "resolved": "https://registry.yarnpkg.com/to-buffer/-/to-buffer-1.1.1.tgz",
      "integrity": "sha1-STvUj2LXxD/N7TE6A9ytsuEhOoA="
    },
    "tsc": {
      "version": "1.20150623.0",
      "resolved": "https://registry.npmjs.org/tsc/-/tsc-1.20150623.0.tgz",
      "integrity": "sha1-Trw8d04WkUjLx2inNCUz8ILHpuU="
    },
    "tunnel-agent": {
      "version": "0.6.0",
      "resolved": "https://registry.yarnpkg.com/tunnel-agent/-/tunnel-agent-0.6.0.tgz",
      "integrity": "sha1-J6XeoGs2sEoKmWZ3SykIaPD8QP0=",
      "requires": {
        "safe-buffer": "5.1.2"
      }
    },
    "typescript": {
      "version": "3.3.3",
      "resolved": "https://registry.yarnpkg.com/typescript/-/typescript-3.3.3.tgz",
      "integrity": "sha1-8WV/x9qifhqJMHWKzpro2jFAMiE="
    },
    "util-deprecate": {
      "version": "1.0.2",
      "resolved": "https://registry.yarnpkg.com/util-deprecate/-/util-deprecate-1.0.2.tgz",
      "integrity": "sha1-RQ1Nyfpw3nMnYvvS1KKJgUGaDM8="
    },
    "voca": {
      "version": "1.4.0",
      "resolved": "https://registry.yarnpkg.com/voca/-/voca-1.4.0.tgz",
      "integrity": "sha1-4VrFizgpC3KswMMwNmtsx5hJJNc="
    },
    "which-pm-runs": {
      "version": "1.0.0",
      "resolved": "https://registry.yarnpkg.com/which-pm-runs/-/which-pm-runs-1.0.0.tgz",
      "integrity": "sha1-Zws6+8VS4LVd9rd4DKdGFfI60cs="
    },
    "wide-align": {
      "version": "1.1.3",
      "resolved": "https://registry.yarnpkg.com/wide-align/-/wide-align-1.1.3.tgz",
      "integrity": "sha1-rgdOa9wMFKQx6ATmJFScYzsABFc=",
      "requires": {
        "string-width": "2.1.1"
      },
      "dependencies": {
        "ansi-regex": {
          "version": "3.0.0",
          "resolved": "https://registry.yarnpkg.com/ansi-regex/-/ansi-regex-3.0.0.tgz",
          "integrity": "sha1-7QMXwyIGT3lGbAKWa922Bas32Zg="
        },
        "is-fullwidth-code-point": {
          "version": "2.0.0",
          "resolved": "https://registry.yarnpkg.com/is-fullwidth-code-point/-/is-fullwidth-code-point-2.0.0.tgz",
          "integrity": "sha1-o7MKXE8ZkYMWeqq5O+764937ZU8="
        },
        "string-width": {
          "version": "2.1.1",
          "resolved": "https://registry.yarnpkg.com/string-width/-/string-width-2.1.1.tgz",
          "integrity": "sha1-q5Pyeo3BPSjKyBXEYhQ6bZASrp4=",
          "requires": {
            "is-fullwidth-code-point": "2.0.0",
            "strip-ansi": "4.0.0"
          }
        },
        "strip-ansi": {
          "version": "4.0.0",
          "resolved": "https://registry.yarnpkg.com/strip-ansi/-/strip-ansi-4.0.0.tgz",
          "integrity": "sha1-qEeQIusaw2iocTibY1JixQXuNo8=",
          "requires": {
            "ansi-regex": "3.0.0"
          }
        }
      }
    },
    "wrappy": {
      "version": "1.0.2",
      "resolved": "https://registry.yarnpkg.com/wrappy/-/wrappy-1.0.2.tgz",
      "integrity": "sha1-tSQ9jz7BqjXxNkYFvA0QNuMKtp8="
    },
    "ws": {
      "version": "7.4.6",
      "resolved": "https://registry.npmjs.org/ws/-/ws-7.4.6.tgz",
      "integrity": "sha512-YmhHDO4MzaDLB+M9ym/mDA5z0naX8j7SIlT8f8z+I0VtzsRbekxEutHSme7NPS2qE8StCYQNUnfWdXta/Yu85A=="
    },
    "xtend": {
      "version": "4.0.1",
      "resolved": "https://registry.yarnpkg.com/xtend/-/xtend-4.0.1.tgz",
      "integrity": "sha1-pcbVMr5lbiPbgg77lDofBJmNY68="
    }
  }
}
