# THIS IS AN AUTOGENERATED FILE. DO NOT EDIT THIS FILE DIRECTLY.
# yarn lockfile v1


tsc@^1.20150623.0:
  version "1.20150623.0"
  resolved "https://registry.yarnpkg.com/tsc/-/tsc-1.20150623.0.tgz#4ebc3c774e169148cbc768a7342533f082c7a6e5"
  integrity sha1-Trw8d04WkUjLx2inNCUz8ILHpuU=

typescript@^3.3.3:
  version "3.3.3"
  resolved "https://registry.yarnpkg.com/typescript/-/typescript-3.3.3.tgz#f1657fc7daa27e1a8930758ace9ae8da31403221"
  integrity sha512-Y21Xqe54TBVp+VDSNbuDYdGw0BpoR/Q6wo/+35M8PAU0vipahnyduJWirxxdxjsAkS7hue53x2zp8gz7F05u0A==
